
Microsoft Visual Studio Solution File, Format Version 12.00
# Visual Studio Version 17
VisualStudioVersion = 17.5.002.0
MinimumVisualStudioVersion = 10.0.40219.1
Project("{9A19103F-16F7-4668-BE54-9A1E7A4F7556}") = "Vidhyalaya", "Vidhyalaya\Vidhyalaya.csproj", "{DFB92483-B46D-4F74-9C22-FD3007087AAA}"
EndProject
Global
	GlobalSection(SolutionConfigurationPlatforms) = preSolution
		Debug|Any CPU = Debug|Any CPU
		Release|Any CPU = Release|Any CPU
	EndGlobalSection
	GlobalSection(ProjectConfigurationPlatforms) = postSolution
		{DFB92483-B46D-4F74-9C22-FD3007087AAA}.Debug|Any CPU.ActiveCfg = Debug|Any CPU
		{DFB92483-B46D-4F74-9C22-FD3007087AAA}.Debug|Any CPU.Build.0 = Debug|Any CPU
		{DFB92483-B46D-4F74-9C22-FD3007087AAA}.Release|Any CPU.ActiveCfg = Release|Any CPU
		{DFB92483-B46D-4F74-9C22-FD3007087AAA}.Release|Any CPU.Build.0 = Release|Any CPU
	EndGlobalSection
	GlobalSection(SolutionProperties) = preSolution
		HideSolutionNode = FALSE
	EndGlobalSection
	GlobalSection(ExtensibilityGlobals) = postSolution
		SolutionGuid = {371F7290-D95A-40B5-BCE8-4B0FDE443645}
	EndGlobalSection
EndGlobal
